# THIS IS AN AUTOGENERATED FILE. DO NOT EDIT THIS FILE DIRECTLY.
# yarn lockfile v1


guacamole-common-js@^0.9.13-incubating-d:
  version "0.9.13-incubating-d"
  resolved "https://registry.yarnpkg.com/guacamole-common-js/-/guacamole-common-js-0.9.13-incubating-d.tgz#6427dd9b780a1c0249f35a0933edec276fba3585"
